
Microsoft Visual Studio Solution File, Format Version 12.00
# Visual Studio Version 16
VisualStudioVersion = 16.0.29009.5
MinimumVisualStudioVersion = 10.0.40219.1
Project("{FAE04EC0-301F-11D3-BF4B-00C04F79EFBC}") = "OsuUtil", "OsuUtil.csproj", "{36CE84AD-1A58-40EB-9E65-A3605D5E1C0A}"
EndProject
Global
	GlobalSection(SolutionConfigurationPlatforms) = preSolution
		Debug|Any CPU = Debug|Any CPU
		Release|Any CPU = Release|Any CPU
	EndGlobalSection
	GlobalSection(ProjectConfigurationPlatforms) = postSolution
		{36CE84AD-1A58-40EB-9E65-A3605D5E1C0A}.Debug|Any CPU.ActiveCfg = Debug|Any CPU
		{36CE84AD-1A58-40EB-9E65-A3605D5E1C0A}.Debug|Any CPU.Build.0 = Debug|Any CPU
		{36CE84AD-1A58-40EB-9E65-A3605D5E1C0A}.Release|Any CPU.ActiveCfg = Release|Any CPU
		{36CE84AD-1A58-40EB-9E65-A3605D5E1C0A}.Release|Any CPU.Build.0 = Release|Any CPU
	EndGlobalSection
	GlobalSection(SolutionProperties) = preSolution
		HideSolutionNode = FALSE
	EndGlobalSection
	GlobalSection(ExtensibilityGlobals) = postSolution
		SolutionGuid = {64BC12A8-6458-4DE1-A179-64FC54F2665A}
	EndGlobalSection
EndGlobal
